
Microsoft Visual Studio Solution File, Format Version 12.00
# Visual Studio 15
VisualStudioVersion = 15.0.28307.1684
MinimumVisualStudioVersion = 10.0.40219.1
Project("{FAE04EC0-301F-11D3-BF4B-00C04F79EFBC}") = "Proiect", "Proiect\Proiect.csproj", "{C4D07C74-9E4D-4183-8A85-1D8DB8C97C38}"
EndProject
Global
	GlobalSection(SolutionConfigurationPlatforms) = preSolution
		Debug|Any CPU = Debug|Any CPU
		Release|Any CPU = Release|Any CPU
	EndGlobalSection
	GlobalSection(ProjectConfigurationPlatforms) = postSolution
		{C4D07C74-9E4D-4183-8A85-1D8DB8C97C38}.Debug|Any CPU.ActiveCfg = Debug|Any CPU
		{C4D07C74-9E4D-4183-8A85-1D8DB8C97C38}.Debug|Any CPU.Build.0 = Debug|Any CPU
		{C4D07C74-9E4D-4183-8A85-1D8DB8C97C38}.Release|Any CPU.ActiveCfg = Release|Any CPU
		{C4D07C74-9E4D-4183-8A85-1D8DB8C97C38}.Release|Any CPU.Build.0 = Release|Any CPU
	EndGlobalSection
	GlobalSection(SolutionProperties) = preSolution
		HideSolutionNode = FALSE
	EndGlobalSection
	GlobalSection(ExtensibilityGlobals) = postSolution
		SolutionGuid = {8E43DBF8-E390-4E5B-8C71-EA6406AE2DB9}
	EndGlobalSection
EndGlobal
